// !$*UTF8*$!
{
	archiveVersion = 1;
	classes = {
	};
	objectVersion = 50;
	objects = {

/* Begin PBXBuildFile section */
		B3917AE0233A3EDB00F90832 /* FizzClient.framework in Frameworks */ = {isa = PBXBuildFile; fileRef = B3917ADA233A3ECF00F90832 /* FizzClient.framework */; };
		B3917AE1233A3EDB00F90832 /* FizzClient.framework in Embed Frameworks */ = {isa = PBXBuildFile; fileRef = B3917ADA233A3ECF00F90832 /* FizzClient.framework */; settings = {ATTRIBUTES = (CodeSignOnCopy, RemoveHeadersOnCopy, ); }; };
		B3917AE2233A3EDD00F90832 /* MQTTClient.framework in Frameworks */ = {isa = PBXBuildFile; fileRef = B3917ADB233A3ECF00F90832 /* MQTTClient.framework */; };
		B3917AE3233A3EDD00F90832 /* MQTTClient.framework in Embed Frameworks */ = {isa = PBXBuildFile; fileRef = B3917ADB233A3ECF00F90832 /* MQTTClient.framework */; settings = {ATTRIBUTES = (CodeSignOnCopy, RemoveHeadersOnCopy, ); }; };
		B3917AE4233A3EEF00F90832 /* SocketRocket.framework in Frameworks */ = {isa = PBXBuildFile; fileRef = B3917ADC233A3ECF00F90832 /* SocketRocket.framework */; };
		B3917AE5233A3EEF00F90832 /* SocketRocket.framework in Embed Frameworks */ = {isa = PBXBuildFile; fileRef = B3917ADC233A3ECF00F90832 /* SocketRocket.framework */; settings = {ATTRIBUTES = (CodeSignOnCopy, RemoveHeadersOnCopy, ); }; };
		B3A893C12338D0810022564F /* AppDelegate.m in Sources */ = {isa = PBXBuildFile; fileRef = B3A893C02338D0810022564F /* AppDelegate.m */; };
		B3A893CA2338D0810022564F /* Main.storyboard in Resources */ = {isa = PBXBuildFile; fileRef = B3A893C82338D0810022564F /* Main.storyboard */; };
		B3A893CC2338D0830022564F /* Assets.xcassets in Resources */ = {isa = PBXBuildFile; fileRef = B3A893CB2338D0830022564F /* Assets.xcassets */; };
		B3A893CF2338D0830022564F /* LaunchScreen.storyboard in Resources */ = {isa = PBXBuildFile; fileRef = B3A893CD2338D0830022564F /* LaunchScreen.storyboard */; };
		B3A893D22338D0830022564F /* main.m in Sources */ = {isa = PBXBuildFile; fileRef = B3A893D12338D0830022564F /* main.m */; };
		B3A893DF2338D1F30022564F /* KPDropMenu.m in Sources */ = {isa = PBXBuildFile; fileRef = B3A893DB2338D1F30022564F /* KPDropMenu.m */; };
		B3A893E02338D1F30022564F /* MainVC.m in Sources */ = {isa = PBXBuildFile; fileRef = B3A893DD2338D1F30022564F /* MainVC.m */; };
/* End PBXBuildFile section */

/* Begin PBXCopyFilesBuildPhase section */
		B3A893EC2338D8F50022564F /* Embed Frameworks */ = {
			isa = PBXCopyFilesBuildPhase;
			buildActionMask = 2147483647;
			dstPath = "";
			dstSubfolderSpec = 10;
			files = (
				B3917AE1233A3EDB00F90832 /* FizzClient.framework in Embed Frameworks */,
				B3917AE5233A3EEF00F90832 /* SocketRocket.framework in Embed Frameworks */,
				B3917AE3233A3EDD00F90832 /* MQTTClient.framework in Embed Frameworks */,
			);
			name = "Embed Frameworks";
			runOnlyForDeploymentPostprocessing = 0;
		};
/* End PBXCopyFilesBuildPhase section */

/* Begin PBXFileReference section */
		B3917ADA233A3ECF00F90832 /* FizzClient.framework */ = {isa = PBXFileReference; lastKnownFileType = wrapper.framework; path = FizzClient.framework; sourceTree = "<group>"; };
		B3917ADB233A3ECF00F90832 /* MQTTClient.framework */ = {isa = PBXFileReference; lastKnownFileType = wrapper.framework; path = MQTTClient.framework; sourceTree = "<group>"; };
		B3917ADC233A3ECF00F90832 /* SocketRocket.framework */ = {isa = PBXFileReference; lastKnownFileType = wrapper.framework; path = SocketRocket.framework; sourceTree = "<group>"; };
		B3A893BC2338D0810022564F /* FizzSample.app */ = {isa = PBXFileReference; explicitFileType = wrapper.application; includeInIndex = 0; path = FizzSample.app; sourceTree = BUILT_PRODUCTS_DIR; };
		B3A893BF2338D0810022564F /* AppDelegate.h */ = {isa = PBXFileReference; lastKnownFileType = sourcecode.c.h; path = AppDelegate.h; sourceTree = "<group>"; };
		B3A893C02338D0810022564F /* AppDelegate.m */ = {isa = PBXFileReference; lastKnownFileType = sourcecode.c.objc; path = AppDelegate.m; sourceTree = "<group>"; };
		B3A893C92338D0810022564F /* Base */ = {isa = PBXFileReference; lastKnownFileType = file.storyboard; name = Base; path = Base.lproj/Main.storyboard; sourceTree = "<group>"; };
		B3A893CB2338D0830022564F /* Assets.xcassets */ = {isa = PBXFileReference; lastKnownFileType = folder.assetcatalog; path = Assets.xcassets; sourceTree = "<group>"; };
		B3A893CE2338D0830022564F /* Base */ = {isa = PBXFileReference; lastKnownFileType = file.storyboard; name = Base; path = Base.lproj/LaunchScreen.storyboard; sourceTree = "<group>"; };
		B3A893D02338D0830022564F /* Info.plist */ = {isa = PBXFileReference; lastKnownFileType = text.plist.xml; path = Info.plist; sourceTree = "<group>"; };
		B3A893D12338D0830022564F /* main.m */ = {isa = PBXFileReference; lastKnownFileType = sourcecode.c.objc; path = main.m; sourceTree = "<group>"; };
		B3A893DA2338D1F30022564F /* KPDropMenu.h */ = {isa = PBXFileReference; fileEncoding = 4; lastKnownFileType = sourcecode.c.h; path = KPDropMenu.h; sourceTree = "<group>"; };
		B3A893DB2338D1F30022564F /* KPDropMenu.m */ = {isa = PBXFileReference; fileEncoding = 4; lastKnownFileType = sourcecode.c.objc; path = KPDropMenu.m; sourceTree = "<group>"; };
		B3A893DD2338D1F30022564F /* MainVC.m */ = {isa = PBXFileReference; fileEncoding = 4; lastKnownFileType = sourcecode.c.objc; path = MainVC.m; sourceTree = "<group>"; };
		B3A893DE2338D1F30022564F /* MainVC.h */ = {isa = PBXFileReference; fileEncoding = 4; lastKnownFileType = sourcecode.c.h; path = MainVC.h; sourceTree = "<group>"; };
/* End PBXFileReference section */

/* Begin PBXFrameworksBuildPhase section */
		B3A893B92338D0810022564F /* Frameworks */ = {
			isa = PBXFrameworksBuildPhase;
			buildActionMask = 2147483647;
			files = (
				B3917AE2233A3EDD00F90832 /* MQTTClient.framework in Frameworks */,
				B3917AE4233A3EEF00F90832 /* SocketRocket.framework in Frameworks */,
				B3917AE0233A3EDB00F90832 /* FizzClient.framework in Frameworks */,
			);
			runOnlyForDeploymentPostprocessing = 0;
		};
/* End PBXFrameworksBuildPhase section */

/* Begin PBXGroup section */
		B3917AD9233A3E5300F90832 /* Frameworks */ = {
			isa = PBXGroup;
			children = (
				B3917ADA233A3ECF00F90832 /* FizzClient.framework */,
				B3917ADB233A3ECF00F90832 /* MQTTClient.framework */,
				B3917ADC233A3ECF00F90832 /* SocketRocket.framework */,
			);
			path = Frameworks;
			sourceTree = "<group>";
		};
		B3A893B32338D0810022564F = {
			isa = PBXGroup;
			children = (
				B3A893BE2338D0810022564F /* FizzSample */,
				B3A893BD2338D0810022564F /* Products */,
			);
			sourceTree = "<group>";
		};
		B3A893BD2338D0810022564F /* Products */ = {
			isa = PBXGroup;
			children = (
				B3A893BC2338D0810022564F /* FizzSample.app */,
			);
			name = Products;
			sourceTree = "<group>";
		};
		B3A893BE2338D0810022564F /* FizzSample */ = {
			isa = PBXGroup;
			children = (
				B3A893D12338D0830022564F /* main.m */,
				B3A893D02338D0830022564F /* Info.plist */,
				B3A893BF2338D0810022564F /* AppDelegate.h */,
				B3A893C02338D0810022564F /* AppDelegate.m */,
				B3A893D82338D1F30022564F /* Views */,
				B3917AD9233A3E5300F90832 /* Frameworks */,
				B3A893CB2338D0830022564F /* Assets.xcassets */,
				B3A893C82338D0810022564F /* Main.storyboard */,
				B3A893CD2338D0830022564F /* LaunchScreen.storyboard */,
			);
			path = FizzSample;
			sourceTree = "<group>";
		};
		B3A893D82338D1F30022564F /* Views */ = {
			isa = PBXGroup;
			children = (
				B3A893DC2338D1F30022564F /* Main */,
				B3A893D92338D1F30022564F /* KPDropMenu */,
			);
			path = Views;
			sourceTree = "<group>";
		};
		B3A893D92338D1F30022564F /* KPDropMenu */ = {
			isa = PBXGroup;
			children = (
				B3A893DA2338D1F30022564F /* KPDropMenu.h */,
				B3A893DB2338D1F30022564F /* KPDropMenu.m */,
			);
			path = KPDropMenu;
			sourceTree = "<group>";
		};
		B3A893DC2338D1F30022564F /* Main */ = {
			isa = PBXGroup;
			children = (
				B3A893DE2338D1F30022564F /* MainVC.h */,
				B3A893DD2338D1F30022564F /* MainVC.m */,
			);
			path = Main;
			sourceTree = "<group>";
		};
/* End PBXGroup section */

/* Begin PBXNativeTarget section */
		B3A893BB2338D0810022564F /* FizzSample */ = {
			isa = PBXNativeTarget;
			buildConfigurationList = B3A893D52338D0830022564F /* Build configuration list for PBXNativeTarget "FizzSample" */;
			buildPhases = (
				B3A893B82338D0810022564F /* Sources */,
				B3A893B92338D0810022564F /* Frameworks */,
				B3A893BA2338D0810022564F /* Resources */,
				B3A893EC2338D8F50022564F /* Embed Frameworks */,
			);
			buildRules = (
			);
			dependencies = (
			);
			name = FizzSample;
			productName = FizzSample;
			productReference = B3A893BC2338D0810022564F /* FizzSample.app */;
			productType = "com.apple.product-type.application";
		};
/* End PBXNativeTarget section */

/* Begin PBXProject section */
		B3A893B42338D0810022564F /* Project object */ = {
			isa = PBXProject;
			attributes = {
				LastUpgradeCheck = 1100;
				ORGANIZATIONNAME = Fizz;
				TargetAttributes = {
					B3A893BB2338D0810022564F = {
						CreatedOnToolsVersion = 11.0;
					};
				};
			};
			buildConfigurationList = B3A893B72338D0810022564F /* Build configuration list for PBXProject "FizzSample" */;
			compatibilityVersion = "Xcode 9.3";
			developmentRegion = en;
			hasScannedForEncodings = 0;
			knownRegions = (
				en,
				Base,
			);
			mainGroup = B3A893B32338D0810022564F;
			productRefGroup = B3A893BD2338D0810022564F /* Products */;
			projectDirPath = "";
			projectRoot = "";
			targets = (
				B3A893BB2338D0810022564F /* FizzSample */,
			);
		};
/* End PBXProject section */

/* Begin PBXResourcesBuildPhase section */
		B3A893BA2338D0810022564F /* Resources */ = {
			isa = PBXResourcesBuildPhase;
			buildActionMask = 2147483647;
			files = (
				B3A893CF2338D0830022564F /* LaunchScreen.storyboard in Resources */,
				B3A893CC2338D0830022564F /* Assets.xcassets in Resources */,
				B3A893CA2338D0810022564F /* Main.storyboard in Resources */,
			);
			runOnlyForDeploymentPostprocessing = 0;
		};
/* End PBXResourcesBuildPhase section */

/* Begin PBXSourcesBuildPhase section */
		B3A893B82338D0810022564F /* Sources */ = {
			isa = PBXSourcesBuildPhase;
			buildActionMask = 2147483647;
			files = (
				B3A893DF2338D1F30022564F /* KPDropMenu.m in Sources */,
				B3A893C12338D0810022564F /* AppDelegate.m in Sources */,
				B3A893D22338D0830022564F /* main.m in Sources */,
				B3A893E02338D1F30022564F /* MainVC.m in Sources */,
			);
			runOnlyForDeploymentPostprocessing = 0;
		};
/* End PBXSourcesBuildPhase section */

/* Begin PBXVariantGroup section */
		B3A893C82338D0810022564F /* Main.storyboard */ = {
			isa = PBXVariantGroup;
			children = (
				B3A893C92338D0810022564F /* Base */,
			);
			name = Main.storyboard;
			sourceTree = "<group>";
		};
		B3A893CD2338D0830022564F /* LaunchScreen.storyboard */ = {
			isa = PBXVariantGroup;
			children = (
				B3A893CE2338D0830022564F /* Base */,
			);
			name = LaunchScreen.storyboard;
			sourceTree = "<group>";
		};
/* End PBXVariantGroup section */

/* Begin XCBuildConfiguration section */
		B3A893D32338D0830022564F /* Debug */ = {
			isa = XCBuildConfiguration;
			buildSettings = {
				ALWAYS_SEARCH_USER_PATHS = NO;
				CLANG_ANALYZER_NONNULL = YES;
				CLANG_ANALYZER_NUMBER_OBJECT_CONVERSION = YES_AGGRESSIVE;
				CLANG_CXX_LANGUAGE_STANDARD = "gnu++14";
				CLANG_CXX_LIBRARY = "libc++";
				CLANG_ENABLE_MODULES = YES;
				CLANG_ENABLE_OBJC_ARC = YES;
				CLANG_ENABLE_OBJC_WEAK = YES;
				CLANG_WARN_BLOCK_CAPTURE_AUTORELEASING = YES;
				CLANG_WARN_BOOL_CONVERSION = YES;
				CLANG_WARN_COMMA = YES;
				CLANG_WARN_CONSTANT_CONVERSION = YES;
				CLANG_WARN_DEPRECATED_OBJC_IMPLEMENTATIONS = YES;
				CLANG_WARN_DIRECT_OBJC_ISA_USAGE = YES_ERROR;
				CLANG_WARN_DOCUMENTATION_COMMENTS = YES;
				CLANG_WARN_EMPTY_BODY = YES;
				CLANG_WARN_ENUM_CONVERSION = YES;
				CLANG_WARN_INFINITE_RECURSION = YES;
				CLANG_WARN_INT_CONVERSION = YES;
				CLANG_WARN_NON_LITERAL_NULL_CONVERSION = YES;
				CLANG_WARN_OBJC_IMPLICIT_RETAIN_SELF = YES;
				CLANG_WARN_OBJC_LITERAL_CONVERSION = YES;
				CLANG_WARN_OBJC_ROOT_CLASS = YES_ERROR;
				CLANG_WARN_RANGE_LOOP_ANALYSIS = YES;
				CLANG_WARN_STRICT_PROTOTYPES = YES;
				CLANG_WARN_SUSPICIOUS_MOVE = YES;
				CLANG_WARN_UNGUARDED_AVAILABILITY = YES_AGGRESSIVE;
				CLANG_WARN_UNREACHABLE_CODE = YES;
				CLANG_WARN__DUPLICATE_METHOD_MATCH = YES;
				COPY_PHASE_STRIP = NO;
				DEBUG_INFORMATION_FORMAT = dwarf;
				ENABLE_STRICT_OBJC_MSGSEND = YES;
				ENABLE_TESTABILITY = YES;
				GCC_C_LANGUAGE_STANDARD = gnu11;
				GCC_DYNAMIC_NO_PIC = NO;
				GCC_NO_COMMON_BLOCKS = YES;
				GCC_OPTIMIZATION_LEVEL = 0;
				GCC_PREPROCESSOR_DEFINITIONS = (
					"DEBUG=1",
					"$(inherited)",
				);
				GCC_WARN_64_TO_32_BIT_CONVERSION = YES;
				GCC_WARN_ABOUT_RETURN_TYPE = YES_ERROR;
				GCC_WARN_UNDECLARED_SELECTOR = YES;
				GCC_WARN_UNINITIALIZED_AUTOS = YES_AGGRESSIVE;
				GCC_WARN_UNUSED_FUNCTION = YES;
				GCC_WARN_UNUSED_VARIABLE = YES;
				IPHONEOS_DEPLOYMENT_TARGET = 9.0;
				MTL_ENABLE_DEBUG_INFO = INCLUDE_SOURCE;
				MTL_FAST_MATH = YES;
				ONLY_ACTIVE_ARCH = YES;
				SDKROOT = iphoneos;
			};
			name = Debug;
		};
		B3A893D42338D0830022564F /* Release */ = {
			isa = XCBuildConfiguration;
			buildSettings = {
				ALWAYS_SEARCH_USER_PATHS = NO;
				CLANG_ANALYZER_NONNULL = YES;
				CLANG_ANALYZER_NUMBER_OBJECT_CONVERSION = YES_AGGRESSIVE;
				CLANG_CXX_LANGUAGE_STANDARD = "gnu++14";
				CLANG_CXX_LIBRARY = "libc++";
				CLANG_ENABLE_MODULES = YES;
				CLANG_ENABLE_OBJC_ARC = YES;
				CLANG_ENABLE_OBJC_WEAK = YES;
				CLANG_WARN_BLOCK_CAPTURE_AUTORELEASING = YES;
				CLANG_WARN_BOOL_CONVERSION = YES;
				CLANG_WARN_COMMA = YES;
				CLANG_WARN_CONSTANT_CONVERSION = YES;
				CLANG_WARN_DEPRECATED_OBJC_IMPLEMENTATIONS = YES;
				CLANG_WARN_DIRECT_OBJC_ISA_USAGE = YES_ERROR;
				CLANG_WARN_DOCUMENTATION_COMMENTS = YES;
				CLANG_WARN_EMPTY_BODY = YES;
				CLANG_WARN_ENUM_CONVERSION = YES;
				CLANG_WARN_INFINITE_RECURSION = YES;
				CLANG_WARN_INT_CONVERSION = YES;
				CLANG_WARN_NON_LITERAL_NULL_CONVERSION = YES;
				CLANG_WARN_OBJC_IMPLICIT_RETAIN_SELF = YES;
				CLANG_WARN_OBJC_LITERAL_CONVERSION = YES;
				CLANG_WARN_OBJC_ROOT_CLASS = YES_ERROR;
				CLANG_WARN_RANGE_LOOP_ANALYSIS = YES;
				CLANG_WARN_STRICT_PROTOTYPES = YES;
				CLANG_WARN_SUSPICIOUS_MOVE = YES;
				CLANG_WARN_UNGUARDED_AVAILABILITY = YES_AGGRESSIVE;
				CLANG_WARN_UNREACHABLE_CODE = YES;
				CLANG_WARN__DUPLICATE_METHOD_MATCH = YES;
				COPY_PHASE_STRIP = NO;
				DEBUG_INFORMATION_FORMAT = "dwarf-with-dsym";
				ENABLE_NS_ASSERTIONS = NO;
				ENABLE_STRICT_OBJC_MSGSEND = YES;
				GCC_C_LANGUAGE_STANDARD = gnu11;
				GCC_NO_COMMON_BLOCKS = YES;
				GCC_WARN_64_TO_32_BIT_CONVERSION = YES;
				GCC_WARN_ABOUT_RETURN_TYPE = YES_ERROR;
				GCC_WARN_UNDECLARED_SELECTOR = YES;
				GCC_WARN_UNINITIALIZED_AUTOS = YES_AGGRESSIVE;
				GCC_WARN_UNUSED_FUNCTION = YES;
				GCC_WARN_UNUSED_VARIABLE = YES;
				IPHONEOS_DEPLOYMENT_TARGET = 9.0;
				MTL_ENABLE_DEBUG_INFO = NO;
				MTL_FAST_MATH = YES;
				SDKROOT = iphoneos;
				VALIDATE_PRODUCT = YES;
			};
			name = Release;
		};
		B3A893D62338D0830022564F /* Debug */ = {
			isa = XCBuildConfiguration;
			buildSettings = {
				ASSETCATALOG_COMPILER_APPICON_NAME = AppIcon;
				CODE_SIGN_IDENTITY = "Apple Development";
				CODE_SIGN_STYLE = Manual;
				DEVELOPMENT_TEAM = "";
				FRAMEWORK_SEARCH_PATHS = (
					"$(inherited)",
					"$(PROJECT_DIR)/FizzSample/Frameworks",
				);
				INFOPLIST_FILE = FizzSample/Info.plist;
				IPHONEOS_DEPLOYMENT_TARGET = 9.0;
				LD_RUNPATH_SEARCH_PATHS = (
					"$(inherited)",
					"@executable_path/Frameworks",
				);
				LIBRARY_SEARCH_PATHS = "$(inherited)";
				PRODUCT_BUNDLE_IDENTIFIER = com.fizz.FizzSample;
				PRODUCT_NAME = "$(TARGET_NAME)";
				PROVISIONING_PROFILE_SPECIFIER = "";
				TARGETED_DEVICE_FAMILY = "1,2";
			};
			name = Debug;
		};
		B3A893D72338D0830022564F /* Release */ = {
			isa = XCBuildConfiguration;
			buildSettings = {
				ASSETCATALOG_COMPILER_APPICON_NAME = AppIcon;
				CODE_SIGN_STYLE = Automatic;
				FRAMEWORK_SEARCH_PATHS = (
					"$(inherited)",
					"$(PROJECT_DIR)/FizzSample/Frameworks",
				);
				INFOPLIST_FILE = FizzSample/Info.plist;
				IPHONEOS_DEPLOYMENT_TARGET = 9.0;
				LD_RUNPATH_SEARCH_PATHS = (
					"$(inherited)",
					"@executable_path/Frameworks",
				);
				LIBRARY_SEARCH_PATHS = "$(inherited)";
				PRODUCT_BUNDLE_IDENTIFIER = com.fizz.FizzSample;
				PRODUCT_NAME = "$(TARGET_NAME)";
				TARGETED_DEVICE_FAMILY = "1,2";
			};
			name = Release;
		};
/* End XCBuildConfiguration section */

/* Begin XCConfigurationList section */
		B3A893B72338D0810022564F /* Build configuration list for PBXProject "FizzSample" */ = {
			isa = XCConfigurationList;
			buildConfigurations = (
				B3A893D32338D0830022564F /* Debug */,
				B3A893D42338D0830022564F /* Release */,
			);
			defaultConfigurationIsVisible = 0;
			defaultConfigurationName = Release;
		};
		B3A893D52338D0830022564F /* Build configuration list for PBXNativeTarget "FizzSample" */ = {
			isa = XCConfigurationList;
			buildConfigurations = (
				B3A893D62338D0830022564F /* Debug */,
				B3A893D72338D0830022564F /* Release */,
			);
			defaultConfigurationIsVisible = 0;
			defaultConfigurationName = Release;
		};
/* End XCConfigurationList section */
	};
	rootObject = B3A893B42338D0810022564F /* Project object */;
}
